
Microsoft Visual Studio Solution File, Format Version 12.00
# Visual Studio Version 17
VisualStudioVersion = 17.14.36414.22
MinimumVisualStudioVersion = 10.0.40219.1
Project("{FAE04EC0-301F-11D3-BF4B-00C04F79EFBC}") = "NiwadevApi", "NiwadevApi.csproj", "{BF404046-683B-4995-9271-09E75B4E1173}"
EndProject
Project("{FAE04EC0-301F-11D3-BF4B-00C04F79EFBC}") = "NiwADevTests", "..\NiwADevTests\NiwADevTests.csproj", "{04276BFF-B5CE-414A-B7AC-6A0D5ABE9388}"
EndProject
Global
	GlobalSection(SolutionConfigurationPlatforms) = preSolution
		Debug|Any CPU = Debug|Any CPU
		Release|Any CPU = Release|Any CPU
	EndGlobalSection
	GlobalSection(ProjectConfigurationPlatforms) = postSolution
		{BF404046-683B-4995-9271-09E75B4E1173}.Debug|Any CPU.ActiveCfg = Debug|Any CPU
		{BF404046-683B-4995-9271-09E75B4E1173}.Debug|Any CPU.Build.0 = Debug|Any CPU
		{BF404046-683B-4995-9271-09E75B4E1173}.Release|Any CPU.ActiveCfg = Release|Any CPU
		{BF404046-683B-4995-9271-09E75B4E1173}.Release|Any CPU.Build.0 = Release|Any CPU
		{04276BFF-B5CE-414A-B7AC-6A0D5ABE9388}.Debug|Any CPU.ActiveCfg = Debug|Any CPU
		{04276BFF-B5CE-414A-B7AC-6A0D5ABE9388}.Debug|Any CPU.Build.0 = Debug|Any CPU
		{04276BFF-B5CE-414A-B7AC-6A0D5ABE9388}.Release|Any CPU.ActiveCfg = Release|Any CPU
		{04276BFF-B5CE-414A-B7AC-6A0D5ABE9388}.Release|Any CPU.Build.0 = Release|Any CPU
	EndGlobalSection
	GlobalSection(SolutionProperties) = preSolution
		HideSolutionNode = FALSE
	EndGlobalSection
	GlobalSection(ExtensibilityGlobals) = postSolution
		SolutionGuid = {46406D65-B127-4331-9620-BD458F1ABD45}
	EndGlobalSection
EndGlobal
